Microsoft Visual Studio Solution File, Format Version 12.00
# Visual Studio Version 17
VisualStudioVersion = 17.5.2.0
MinimumVisualStudioVersion = 10.0.40219.1
Project("{FAE04EC0-301F-11D3-BF4B-00C04F79EFBC}") = "proyecto_inmobiliaria2_mvc_guardia_lucero", "proyecto_inmobiliaria2_mvc_guardia_lucero.csproj", "{16136BF1-543A-AA6A-E3F2-652304FC6889}"
EndProject
Global
	GlobalSection(SolutionConfigurationPlatforms) = preSolution
		Debug|Any CPU = Debug|Any CPU
		Release|Any CPU = Release|Any CPU
	EndGlobalSection
	GlobalSection(ProjectConfigurationPlatforms) = postSolution
		{16136BF1-543A-AA6A-E3F2-652304FC6889}.Debug|Any CPU.ActiveCfg = Debug|Any CPU
		{16136BF1-543A-AA6A-E3F2-652304FC6889}.Debug|Any CPU.Build.0 = Debug|Any CPU
		{16136BF1-543A-AA6A-E3F2-652304FC6889}.Release|Any CPU.ActiveCfg = Release|Any CPU
		{16136BF1-543A-AA6A-E3F2-652304FC6889}.Release|Any CPU.Build.0 = Release|Any CPU
	EndGlobalSection
	GlobalSection(SolutionProperties) = preSolution
		HideSolutionNode = FALSE
	EndGlobalSection
	GlobalSection(ExtensibilityGlobals) = postSolution
		SolutionGuid = {C33D2E9F-F5D8-429C-A2A0-FB8CDD5A2557}
	EndGlobalSection
EndGlobal
